
Microsoft Visual Studio Solution File, Format Version 12.00
# Visual Studio 15
VisualStudioVersion = 15.0.26730.15
MinimumVisualStudioVersion = 10.0.40219.1
Project("{8BC9CEB8-8B4A-11D0-8D11-00A0C91BC942}") = "BulletCollision", "..\lib\bullet\build3\vs2010\BulletCollision.vcxproj", "{03B10802-2806-B84D-9254-E1FB1E802D55}"
EndProject
Project("{8BC9CEB8-8B4A-11D0-8D11-00A0C91BC942}") = "BulletDynamics", "..\lib\bullet\build3\vs2010\BulletDynamics.vcxproj", "{30118D66-8A4A-D54C-BDC0-414DBB530D88}"
EndProject
Project("{8BC9CEB8-8B4A-11D0-8D11-00A0C91BC942}") = "LinearMath", "..\lib\bullet\build3\vs2010\LinearMath.vcxproj", "{73FEE333-B58D-7540-8A9C-6DB26132F74B}"
EndProject
Project("{8BC9CEB8-8B4A-11D0-8D11-00A0C91BC942}") = "BulletTests", "BulletTests\BulletTests.vcxproj", "{07497C41-EE82-47B6-BC5F-CA93BD993576}"
EndProject
Global
	GlobalSection(SolutionConfigurationPlatforms) = preSolution
		Debug|x64 = Debug|x64
		Debug|x86 = Debug|x86
		Release|x64 = Release|x64
		Release|x86 = Release|x86
	EndGlobalSection
	GlobalSection(ProjectConfigurationPlatforms) = postSolution
		{03B10802-2806-B84D-9254-E1FB1E802D55}.Debug|x64.ActiveCfg = Debug|x64
		{03B10802-2806-B84D-9254-E1FB1E802D55}.Debug|x64.Build.0 = Debug|x64
		{03B10802-2806-B84D-9254-E1FB1E802D55}.Debug|x86.ActiveCfg = Debug|Win32
		{03B10802-2806-B84D-9254-E1FB1E802D55}.Debug|x86.Build.0 = Debug|Win32
		{03B10802-2806-B84D-9254-E1FB1E802D55}.Release|x64.ActiveCfg = Release|x64
		{03B10802-2806-B84D-9254-E1FB1E802D55}.Release|x64.Build.0 = Release|x64
		{03B10802-2806-B84D-9254-E1FB1E802D55}.Release|x86.ActiveCfg = Release|Win32
		{03B10802-2806-B84D-9254-E1FB1E802D55}.Release|x86.Build.0 = Release|Win32
		{30118D66-8A4A-D54C-BDC0-414DBB530D88}.Debug|x64.ActiveCfg = Debug|x64
		{30118D66-8A4A-D54C-BDC0-414DBB530D88}.Debug|x64.Build.0 = Debug|x64
		{30118D66-8A4A-D54C-BDC0-414DBB530D88}.Debug|x86.ActiveCfg = Debug|Win32
		{30118D66-8A4A-D54C-BDC0-414DBB530D88}.Debug|x86.Build.0 = Debug|Win32
		{30118D66-8A4A-D54C-BDC0-414DBB530D88}.Release|x64.ActiveCfg = Release|x64
		{30118D66-8A4A-D54C-BDC0-414DBB530D88}.Release|x64.Build.0 = Release|x64
		{30118D66-8A4A-D54C-BDC0-414DBB530D88}.Release|x86.ActiveCfg = Release|Win32
		{30118D66-8A4A-D54C-BDC0-414DBB530D88}.Release|x86.Build.0 = Release|Win32
		{73FEE333-B58D-7540-8A9C-6DB26132F74B}.Debug|x64.ActiveCfg = Debug|x64
		{73FEE333-B58D-7540-8A9C-6DB26132F74B}.Debug|x64.Build.0 = Debug|x64
		{73FEE333-B58D-7540-8A9C-6DB26132F74B}.Debug|x86.ActiveCfg = Debug|Win32
		{73FEE333-B58D-7540-8A9C-6DB26132F74B}.Debug|x86.Build.0 = Debug|Win32
		{73FEE333-B58D-7540-8A9C-6DB26132F74B}.Release|x64.ActiveCfg = Release|x64
		{73FEE333-B58D-7540-8A9C-6DB26132F74B}.Release|x64.Build.0 = Release|x64
		{73FEE333-B58D-7540-8A9C-6DB26132F74B}.Release|x86.ActiveCfg = Release|Win32
		{73FEE333-B58D-7540-8A9C-6DB26132F74B}.Release|x86.Build.0 = Release|Win32
		{07497C41-EE82-47B6-BC5F-CA93BD993576}.Debug|x64.ActiveCfg = Debug|x64
		{07497C41-EE82-47B6-BC5F-CA93BD993576}.Debug|x64.Build.0 = Debug|x64
		{07497C41-EE82-47B6-BC5F-CA93BD993576}.Debug|x86.ActiveCfg = Debug|Win32
		{07497C41-EE82-47B6-BC5F-CA93BD993576}.Debug|x86.Build.0 = Debug|Win32
		{07497C41-EE82-47B6-BC5F-CA93BD993576}.Release|x64.ActiveCfg = Release|x64
		{07497C41-EE82-47B6-BC5F-CA93BD993576}.Release|x64.Build.0 = Release|x64
		{07497C41-EE82-47B6-BC5F-CA93BD993576}.Release|x86.ActiveCfg = Release|Win32
		{07497C41-EE82-47B6-BC5F-CA93BD993576}.Release|x86.Build.0 = Release|Win32
	EndGlobalSection
	GlobalSection(SolutionProperties) = preSolution
		HideSolutionNode = FALSE
	EndGlobalSection
	GlobalSection(ExtensibilityGlobals) = postSolution
		SolutionGuid = {9AA72CC6-B35B-410D-839B-F56ACCEAB1AE}
	EndGlobalSection
EndGlobal
