<?xml version="1.0" encoding="utf-8"?>
<Project ToolsVersion="4.0" xmlns="http://schemas.microsoft.com/developer/msbuild/2003">
  <ItemGroup>
    <Filter Include="examples">
      <UniqueIdentifier>{968A34BB-CBB5-B645-B9C1-A0EB49BF37F5}</UniqueIdentifier>
    </Filter>
    <Filter Include="examples\ThirdPartyLibs">
      <UniqueIdentifier>{5BBC1D36-DC8E-834C-9869-3F1E1AA85EFC}</UniqueIdentifier>
    </Filter>
    <Filter Include="examples\ThirdPartyLibs\Glew">
      <UniqueIdentifier>{A794C21D-2F91-434C-9914-808801D6632F}</UniqueIdentifier>
    </Filter>
    <Filter Include="examples\TinyRenderer">
      <UniqueIdentifier>{D6B6E5A6-58AC-F845-821B-48D747D8D7A0}</UniqueIdentifier>
    </Filter>
    <Filter Include="examples\Utils">
      <UniqueIdentifier>{8D3655F9-88AE-7342-B7DE-67654C905BF0}</UniqueIdentifier>
    </Filter>
  </ItemGroup>
  <ItemGroup>
    <ClInclude Include="..\..\examples\TinyRenderer\geometry.h">
      <Filter>examples\TinyRenderer</Filter>
    </ClInclude>
    <ClInclude Include="..\..\examples\TinyRenderer\model.h">
      <Filter>examples\TinyRenderer</Filter>
    </ClInclude>
    <ClInclude Include="..\..\examples\TinyRenderer\our_gl.h">
      <Filter>examples\TinyRenderer</Filter>
    </ClInclude>
    <ClInclude Include="..\..\examples\TinyRenderer\tgaimage.h">
      <Filter>examples\TinyRenderer</Filter>
    </ClInclude>
    <ClInclude Include="..\..\examples\TinyRenderer\TinyRenderer.h">
      <Filter>examples\TinyRenderer</Filter>
    </ClInclude>
  </ItemGroup>
  <ItemGroup>
    <ClCompile Include="..\..\examples\ThirdPartyLibs\Glew\glew.c">
      <Filter>examples\ThirdPartyLibs\Glew</Filter>
    </ClCompile>
    <ClCompile Include="..\..\examples\TinyRenderer\geometry.cpp">
      <Filter>examples\TinyRenderer</Filter>
    </ClCompile>
    <ClCompile Include="..\..\examples\TinyRenderer\main.cpp">
      <Filter>examples\TinyRenderer</Filter>
    </ClCompile>
    <ClCompile Include="..\..\examples\TinyRenderer\model.cpp">
      <Filter>examples\TinyRenderer</Filter>
    </ClCompile>
    <ClCompile Include="..\..\examples\TinyRenderer\our_gl.cpp">
      <Filter>examples\TinyRenderer</Filter>
    </ClCompile>
    <ClCompile Include="..\..\examples\TinyRenderer\tgaimage.cpp">
      <Filter>examples\TinyRenderer</Filter>
    </ClCompile>
    <ClCompile Include="..\..\examples\TinyRenderer\TinyRenderer.cpp">
      <Filter>examples\TinyRenderer</Filter>
    </ClCompile>
    <ClCompile Include="..\..\examples\Utils\b3ResourcePath.cpp">
      <Filter>examples\Utils</Filter>
    </ClCompile>
  </ItemGroup>
</Project>
